// !$*UTF8*$!
{
	archiveVersion = 1;
	classes = {
	};
	objectVersion = 46;
	objects = {

/* Begin PBXBuildFile section */
		C15EC2C41DA65C4800E22931 /* AppDelegate.swift in Sources */ = {isa = PBXBuildFile; fileRef = C15EC2C31DA65C4800E22931 /* AppDelegate.swift */; };
		C15EC2C61DA65C4800E22931 /* ViewController.swift in Sources */ = {isa = PBXBuildFile; fileRef = C15EC2C51DA65C4800E22931 /* ViewController.swift */; };
		C15EC2C91DA65C4800E22931 /* Main.storyboard in Resources */ = {isa = PBXBuildFile; fileRef = C15EC2C71DA65C4800E22931 /* Main.storyboard */; };
		C15EC2CB1DA65C4800E22931 /* Assets.xcassets in Resources */ = {isa = PBXBuildFile; fileRef = C15EC2CA1DA65C4800E22931 /* Assets.xcassets */; };
		C15EC2CE1DA65C4800E22931 /* LaunchScreen.storyboard in Resources */ = {isa = PBXBuildFile; fileRef = C15EC2CC1DA65C4800E22931 /* LaunchScreen.storyboard */; };
/* End PBXBuildFile section */

/* Begin PBXFileReference section */
		C15EC2C01DA65C4800E22931 /* PanelAnimation.app */ = {isa = PBXFileReference; explicitFileType = wrapper.application; includeInIndex = 0; path = PanelAnimation.app; sourceTree = BUILT_PRODUCTS_DIR; };
		C15EC2C31DA65C4800E22931 /* AppDelegate.swift */ = {isa = PBXFileReference; lastKnownFileType = sourcecode.swift; path = AppDelegate.swift; sourceTree = "<group>"; };
		C15EC2C51DA65C4800E22931 /* ViewController.swift */ = {isa = PBXFileReference; lastKnownFileType = sourcecode.swift; path = ViewController.swift; sourceTree = "<group>"; };
		C15EC2C81DA65C4800E22931 /* Base */ = {isa = PBXFileReference; lastKnownFileType = file.storyboard; name = Base; path = Base.lproj/Main.storyboard; sourceTree = "<group>"; };
		C15EC2CA1DA65C4800E22931 /* Assets.xcassets */ = {isa = PBXFileReference; lastKnownFileType = folder.assetcatalog; path = Assets.xcassets; sourceTree = "<group>"; };
		C15EC2CD1DA65C4800E22931 /* Base */ = {isa = PBXFileReference; lastKnownFileType = file.storyboard; name = Base; path = Base.lproj/LaunchScreen.storyboard; sourceTree = "<group>"; };
		C15EC2CF1DA65C4800E22931 /* Info.plist */ = {isa = PBXFileReference; lastKnownFileType = text.plist.xml; path = Info.plist; sourceTree = "<group>"; };
/* End PBXFileReference section */

/* Begin PBXFrameworksBuildPhase section */
		C15EC2BD1DA65C4800E22931 /* Frameworks */ = {
			isa = PBXFrameworksBuildPhase;
			buildActionMask = 2147483647;
			files = (
			);
			runOnlyForDeploymentPostprocessing = 0;
		};
/* End PBXFrameworksBuildPhase section */

/* Begin PBXGroup section */
		C15EC2B71DA65C4800E22931 = {
			isa = PBXGroup;
			children = (
				C15EC2C21DA65C4800E22931 /* PanelAnimation */,
				C15EC2C11DA65C4800E22931 /* Products */,
			);
			sourceTree = "<group>";
		};
		C15EC2C11DA65C4800E22931 /* Products */ = {
			isa = PBXGroup;
			children = (
				C15EC2C01DA65C4800E22931 /* PanelAnimation.app */,
			);
			name = Products;
			sourceTree = "<group>";
		};
		C15EC2C21DA65C4800E22931 /* PanelAnimation */ = {
			isa = PBXGroup;
			children = (
				C15EC2C31DA65C4800E22931 /* AppDelegate.swift */,
				C15EC2C51DA65C4800E22931 /* ViewController.swift */,
				C15EC2C71DA65C4800E22931 /* Main.storyboard */,
				C15EC2CA1DA65C4800E22931 /* Assets.xcassets */,
				C15EC2CC1DA65C4800E22931 /* LaunchScreen.storyboard */,
				C15EC2CF1DA65C4800E22931 /* Info.plist */,
			);
			path = PanelAnimation;
			sourceTree = "<group>";
		};
/* End PBXGroup section */

/* Begin PBXNativeTarget section */
		C15EC2BF1DA65C4800E22931 /* PanelAnimation */ = {
			isa = PBXNativeTarget;
			buildConfigurationList = C15EC2D21DA65C4800E22931 /* Build configuration list for PBXNativeTarget "PanelAnimation" */;
			buildPhases = (
				C15EC2BC1DA65C4800E22931 /* Sources */,
				C15EC2BD1DA65C4800E22931 /* Frameworks */,
				C15EC2BE1DA65C4800E22931 /* Resources */,
			);
			buildRules = (
			);
			dependencies = (
			);
			name = PanelAnimation;
			productName = PanelAnimation;
			productReference = C15EC2C01DA65C4800E22931 /* PanelAnimation.app */;
			productType = "com.apple.product-type.application";
		};
/* End PBXNativeTarget section */

/* Begin PBXProject section */
		C15EC2B81DA65C4800E22931 /* Project object */ = {
			isa = PBXProject;
			attributes = {
				LastSwiftUpdateCheck = 0800;
				LastUpgradeCheck = 0800;
				ORGANIZATIONNAME = "Martin Lloyd";
				TargetAttributes = {
					C15EC2BF1DA65C4800E22931 = {
						CreatedOnToolsVersion = 8.0;
						DevelopmentTeam = 85HBV3MXDJ;
						ProvisioningStyle = Automatic;
					};
				};
			};
			buildConfigurationList = C15EC2BB1DA65C4800E22931 /* Build configuration list for PBXProject "PanelAnimation" */;
			compatibilityVersion = "Xcode 3.2";
			developmentRegion = English;
			hasScannedForEncodings = 0;
			knownRegions = (
				en,
				Base,
			);
			mainGroup = C15EC2B71DA65C4800E22931;
			productRefGroup = C15EC2C11DA65C4800E22931 /* Products */;
			projectDirPath = "";
			projectRoot = "";
			targets = (
				C15EC2BF1DA65C4800E22931 /* PanelAnimation */,
			);
		};
/* End PBXProject section */

/* Begin PBXResourcesBuildPhase section */
		C15EC2BE1DA65C4800E22931 /* Resources */ = {
			isa = PBXResourcesBuildPhase;
			buildActionMask = 2147483647;
			files = (
				C15EC2CE1DA65C4800E22931 /* LaunchScreen.storyboard in Resources */,
				C15EC2CB1DA65C4800E22931 /* Assets.xcassets in Resources */,
				C15EC2C91DA65C4800E22931 /* Main.storyboard in Resources */,
			);
			runOnlyForDeploymentPostprocessing = 0;
		};
/* End PBXResourcesBuildPhase section */

/* Begin PBXSourcesBuildPhase section */
		C15EC2BC1DA65C4800E22931 /* Sources */ = {
			isa = PBXSourcesBuildPhase;
			buildActionMask = 2147483647;
			files = (
				C15EC2C61DA65C4800E22931 /* ViewController.swift in Sources */,
				C15EC2C41DA65C4800E22931 /* AppDelegate.swift in Sources */,
			);
			runOnlyForDeploymentPostprocessing = 0;
		};
/* End PBXSourcesBuildPhase section */

/* Begin PBXVariantGroup section */
		C15EC2C71DA65C4800E22931 /* Main.storyboard */ = {
			isa = PBXVariantGroup;
			children = (
				C15EC2C81DA65C4800E22931 /* Base */,
			);
			name = Main.storyboard;
			sourceTree = "<group>";
		};
		C15EC2CC1DA65C4800E22931 /* LaunchScreen.storyboard */ = {
			isa = PBXVariantGroup;
			children = (
				C15EC2CD1DA65C4800E22931 /* Base */,
			);
			name = LaunchScreen.storyboard;
			sourceTree = "<group>";
		};
/* End PBXVariantGroup section */

/* Begin XCBuildConfiguration section */
		C15EC2D01DA65C4800E22931 /* Debug */ = {
			isa = XCBuildConfiguration;
			buildSettings = {
				ALWAYS_SEARCH_USER_PATHS = NO;
				CLANG_ANALYZER_NONNULL = YES;
				CLANG_CXX_LANGUAGE_STANDARD = "gnu++0x";
				CLANG_CXX_LIBRARY = "libc++";
				CLANG_ENABLE_MODULES = YES;
				CLANG_ENABLE_OBJC_ARC = YES;
				CLANG_WARN_BOOL_CONVERSION = YES;
				CLANG_WARN_CONSTANT_CONVERSION = YES;
				CLANG_WARN_DIRECT_OBJC_ISA_USAGE = YES_ERROR;
				CLANG_WARN_DOCUMENTATION_COMMENTS = YES;
				CLANG_WARN_EMPTY_BODY = YES;
				CLANG_WARN_ENUM_CONVERSION = YES;
				CLANG_WARN_INFINITE_RECURSION = YES;
				CLANG_WARN_INT_CONVERSION = YES;
				CLANG_WARN_OBJC_ROOT_CLASS = YES_ERROR;
				CLANG_WARN_SUSPICIOUS_MOVES = YES;
				CLANG_WARN_UNREACHABLE_CODE = YES;
				CLANG_WARN__DUPLICATE_METHOD_MATCH = YES;
				"CODE_SIGN_IDENTITY[sdk=iphoneos*]" = "iPhone Developer";
				COPY_PHASE_STRIP = NO;
				DEBUG_INFORMATION_FORMAT = dwarf;
				ENABLE_STRICT_OBJC_MSGSEND = YES;
				ENABLE_TESTABILITY = YES;
				GCC_C_LANGUAGE_STANDARD = gnu99;
				GCC_DYNAMIC_NO_PIC = NO;
				GCC_NO_COMMON_BLOCKS = YES;
				GCC_OPTIMIZATION_LEVEL = 0;
				GCC_PREPROCESSOR_DEFINITIONS = (
					"DEBUG=1",
					"$(inherited)",
				);
				GCC_WARN_64_TO_32_BIT_CONVERSION = YES;
				GCC_WARN_ABOUT_RETURN_TYPE = YES_ERROR;
				GCC_WARN_UNDECLARED_SELECTOR = YES;
				GCC_WARN_UNINITIALIZED_AUTOS = YES_AGGRESSIVE;
				GCC_WARN_UNUSED_FUNCTION = YES;
				GCC_WARN_UNUSED_VARIABLE = YES;
				IPHONEOS_DEPLOYMENT_TARGET = 10.0;
				MTL_ENABLE_DEBUG_INFO = YES;
				ONLY_ACTIVE_ARCH = YES;
				SDKROOT = iphoneos;
				SWIFT_ACTIVE_COMPILATION_CONDITIONS = DEBUG;
				SWIFT_OPTIMIZATION_LEVEL = "-Onone";
				TARGETED_DEVICE_FAMILY = "1,2";
			};
			name = Debug;
		};
		C15EC2D11DA65C4800E22931 /* Release */ = {
			isa = XCBuildConfiguration;
			buildSettings = {
				ALWAYS_SEARCH_USER_PATHS = NO;
				CLANG_ANALYZER_NONNULL = YES;
				CLANG_CXX_LANGUAGE_STANDARD = "gnu++0x";
				CLANG_CXX_LIBRARY = "libc++";
				CLANG_ENABLE_MODULES = YES;
				CLANG_ENABLE_OBJC_ARC = YES;
				CLANG_WARN_BOOL_CONVERSION = YES;
				CLANG_WARN_CONSTANT_CONVERSION = YES;
				CLANG_WARN_DIRECT_OBJC_ISA_USAGE = YES_ERROR;
				CLANG_WARN_DOCUMENTATION_COMMENTS = YES;
				CLANG_WARN_EMPTY_BODY = YES;
				CLANG_WARN_ENUM_CONVERSION = YES;
				CLANG_WARN_INFINITE_RECURSION = YES;
				CLANG_WARN_INT_CONVERSION = YES;
				CLANG_WARN_OBJC_ROOT_CLASS = YES_ERROR;
				CLANG_WARN_SUSPICIOUS_MOVES = YES;
				CLANG_WARN_UNREACHABLE_CODE = YES;
				CLANG_WARN__DUPLICATE_METHOD_MATCH = YES;
				"CODE_SIGN_IDENTITY[sdk=iphoneos*]" = "iPhone Developer";
				COPY_PHASE_STRIP = NO;
				DEBUG_INFORMATION_FORMAT = "dwarf-with-dsym";
				ENABLE_NS_ASSERTIONS = NO;
				ENABLE_STRICT_OBJC_MSGSEND = YES;
				GCC_C_LANGUAGE_STANDARD = gnu99;
				GCC_NO_COMMON_BLOCKS = YES;
				GCC_WARN_64_TO_32_BIT_CONVERSION = YES;
				GCC_WARN_ABOUT_RETURN_TYPE = YES_ERROR;
				GCC_WARN_UNDECLARED_SELECTOR = YES;
				GCC_WARN_UNINITIALIZED_AUTOS = YES_AGGRESSIVE;
				GCC_WARN_UNUSED_FUNCTION = YES;
				GCC_WARN_UNUSED_VARIABLE = YES;
				IPHONEOS_DEPLOYMENT_TARGET = 10.0;
				MTL_ENABLE_DEBUG_INFO = NO;
				SDKROOT = iphoneos;
				SWIFT_OPTIMIZATION_LEVEL = "-Owholemodule";
				TARGETED_DEVICE_FAMILY = "1,2";
				VALIDATE_PRODUCT = YES;
			};
			name = Release;
		};
		C15EC2D31DA65C4800E22931 /* Debug */ = {
			isa = XCBuildConfiguration;
			buildSettings = {
				ASSETCATALOG_COMPILER_APPICON_NAME = AppIcon;
				DEVELOPMENT_TEAM = 85HBV3MXDJ;
				INFOPLIST_FILE = PanelAnimation/Info.plist;
				LD_RUNPATH_SEARCH_PATHS = "$(inherited) @executable_path/Frameworks";
				PRODUCT_BUNDLE_IDENTIFIER = com.mlloyd.PanelAnimation;
				PRODUCT_NAME = "$(TARGET_NAME)";
				SWIFT_VERSION = 3.0;
			};
			name = Debug;
		};
		C15EC2D41DA65C4800E22931 /* Release */ = {
			isa = XCBuildConfiguration;
			buildSettings = {
				ASSETCATALOG_COMPILER_APPICON_NAME = AppIcon;
				DEVELOPMENT_TEAM = 85HBV3MXDJ;
				INFOPLIST_FILE = PanelAnimation/Info.plist;
				LD_RUNPATH_SEARCH_PATHS = "$(inherited) @executable_path/Frameworks";
				PRODUCT_BUNDLE_IDENTIFIER = com.mlloyd.PanelAnimation;
				PRODUCT_NAME = "$(TARGET_NAME)";
				SWIFT_VERSION = 3.0;
			};
			name = Release;
		};
/* End XCBuildConfiguration section */

/* Begin XCConfigurationList section */
		C15EC2BB1DA65C4800E22931 /* Build configuration list for PBXProject "PanelAnimation" */ = {
			isa = XCConfigurationList;
			buildConfigurations = (
				C15EC2D01DA65C4800E22931 /* Debug */,
				C15EC2D11DA65C4800E22931 /* Release */,
			);
			defaultConfigurationIsVisible = 0;
			defaultConfigurationName = Release;
		};
		C15EC2D21DA65C4800E22931 /* Build configuration list for PBXNativeTarget "PanelAnimation" */ = {
			isa = XCConfigurationList;
			buildConfigurations = (
				C15EC2D31DA65C4800E22931 /* Debug */,
				C15EC2D41DA65C4800E22931 /* Release */,
			);
			defaultConfigurationIsVisible = 0;
		};
/* End XCConfigurationList section */
	};
	rootObject = C15EC2B81DA65C4800E22931 /* Project object */;
}
